
Microsoft Visual Studio Solution File, Format Version 12.00
# Visual Studio Version 16
VisualStudioVersion = 16.0.29519.181
MinimumVisualStudioVersion = 10.0.40219.1
Project("{2150E333-8FDC-42A3-9474-1A3956D46DE8}") = "1 Entities", "1 Entities", "{F31D88E1-C721-4AB7-A709-81138B4DD58E}"
EndProject
Project("{2150E333-8FDC-42A3-9474-1A3956D46DE8}") = "3 Infrastructure", "3 Infrastructure", "{D226863E-D0D9-47FA-9ACF-F06A02873C59}"
EndProject
Project("{2150E333-8FDC-42A3-9474-1A3956D46DE8}") = "ASP", "ASP", "{B52CBA24-1F2B-4A84-9172-16BFBE9E5B4A}"
EndProject
Project("{2150E333-8FDC-42A3-9474-1A3956D46DE8}") = "2 UseCases", "2 UseCases", "{0B73FAB8-CABC-4FBA-8F5E-8F8214D75519}"
EndProject
Project("{2150E333-8FDC-42A3-9474-1A3956D46DE8}") = "Function", "Function", "{C3F57D5C-8200-44A5-A883-0DEF4B622DA9}"
EndProject
Project("{2150E333-8FDC-42A3-9474-1A3956D46DE8}") = "4 View", "4 View", "{C9ABEEF8-9F29-4269-9B47-1B215505539D}"
EndProject
Project("{2150E333-8FDC-42A3-9474-1A3956D46DE8}") = "2 Unit Tests", "2 Unit Tests", "{9E121D77-306A-4616-9C37-CC29F2E5CD57}"
EndProject
Project("{2150E333-8FDC-42A3-9474-1A3956D46DE8}") = "1 Source", "1 Source", "{1AC950D4-7C20-4926-9874-0CB920AB7EBF}"
EndProject
Project("{2150E333-8FDC-42A3-9474-1A3956D46DE8}") = "1 Entities", "1 Entities", "{A89F09B8-A9A3-4D91-8358-BF248B257BB6}"
EndProject
Project("{2150E333-8FDC-42A3-9474-1A3956D46DE8}") = "2 UseCases", "2 UseCases", "{28E94B58-B596-4ACB-ACE7-41BE9606B274}"
EndProject
Project("{2150E333-8FDC-42A3-9474-1A3956D46DE8}") = "3 Infrastructure", "3 Infrastructure", "{42CE9CF2-5193-4D74-8208-327BFB196F8C}"
EndProject
Project("{2150E333-8FDC-42A3-9474-1A3956D46DE8}") = "4 Views", "4 Views", "{F97BA34C-563D-4C29-A4FB-76AAA8437457}"
EndProject
Project("{2150E333-8FDC-42A3-9474-1A3956D46DE8}") = "Function", "Function", "{F39DA65F-50A8-48C2-B25B-9C155C3B8CC9}"
EndProject
Project("{9A19103F-16F7-4668-BE54-9A1E7A4F7556}") = "RollerCoaster.Account.API.Entities", "source\RollerCoaster.Account.API.Entities\RollerCoaster.Account.API.Entities.csproj", "{00C5C67C-61AA-4BF5-8632-C33B6B97F112}"
EndProject
Project("{9A19103F-16F7-4668-BE54-9A1E7A4F7556}") = "RollerCoaster.Account.API.UseCases", "source\RollerCoaster.Account.API.UseCases\RollerCoaster.Account.API.UseCases.csproj", "{47D7A9F2-B91D-42A0-A849-49A8B5985E41}"
EndProject
Project("{9A19103F-16F7-4668-BE54-9A1E7A4F7556}") = "RollerCoaster.Account.API.Infrastructure", "source\RollerCoaster.Account.API.Infrastructure\RollerCoaster.Account.API.Infrastructure.csproj", "{DC215AB5-A8CB-4B45-9075-65BF1AC11D7E}"
EndProject
Project("{9A19103F-16F7-4668-BE54-9A1E7A4F7556}") = "RollerCoaster.Account.API.Entities.Tests", "tests\RollerCoaster.Account.API.Entities.Tests\RollerCoaster.Account.API.Entities.Tests.csproj", "{462EC94D-05EA-4356-A4DA-4AC68184EBF8}"
EndProject
Project("{9A19103F-16F7-4668-BE54-9A1E7A4F7556}") = "RollerCoaster.Account.API.UseCases.Tests", "tests\RollerCoaster.Account.API.UseCases.Tests\RollerCoaster.Account.API.UseCases.Tests.csproj", "{A61B902C-CBB0-4999-9B8B-D622442CAACC}"
EndProject
Project("{9A19103F-16F7-4668-BE54-9A1E7A4F7556}") = "RollerCoaster.Account.API.Infrastructure.Tests", "tests\RollerCoaster.Account.API.Infrastructure.Tests\RollerCoaster.Account.API.Infrastructure.Tests.csproj", "{F09089B2-0047-4006-96C0-2C0A0810AA35}"
EndProject
Project("{9A19103F-16F7-4668-BE54-9A1E7A4F7556}") = "RollerCoaster.Account.API.View.ASP", "source\RollerCoaster.Account.API.View.ASP\RollerCoaster.Account.API.View.ASP.csproj", "{1D760865-00F4-47E3-8262-DBD68B75F526}"
EndProject
Project("{9A19103F-16F7-4668-BE54-9A1E7A4F7556}") = "RollerCoaster.Account.API.View.Function", "source\RollerCoaster.Account.API.View.Function\RollerCoaster.Account.API.View.Function.csproj", "{7822D3CF-3C1B-4C8C-B834-8B42E58BA968}"
EndProject
Project("{2150E333-8FDC-42A3-9474-1A3956D46DE8}") = "3 Scripts", "3 Scripts", "{1B422BB1-3C67-4158-B346-3BFF209CF374}"
	ProjectSection(SolutionItems) = preProject
		scripts\Build Develop.yml = scripts\Build Develop.yml
		scripts\Deploy Deploy.yml = scripts\Deploy Deploy.yml
		scripts\Prod.yml = scripts\Prod.yml
		scripts\RollerCoaster.Account.API.runsettings = scripts\RollerCoaster.Account.API.runsettings
	EndProjectSection
EndProject
Project("{2150E333-8FDC-42A3-9474-1A3956D46DE8}") = "ASP", "ASP", "{6192ADDC-0142-4124-AECE-F9A9AFDF135B}"
EndProject
Project("{9A19103F-16F7-4668-BE54-9A1E7A4F7556}") = "RollerCoaster.Account.API.View.ASP.Tests", "tests\RollerCoaster.Account.API.View.ASP.Tests\RollerCoaster.Account.API.View.ASP.Tests.csproj", "{31387C82-D7AB-4907-AF99-71EB3CCDDE2A}"
EndProject
Project("{9A19103F-16F7-4668-BE54-9A1E7A4F7556}") = "RollerCoaster.Account.API.View.Function.Tests", "tests\RollerCoaster.Account.API.View.Function.Tests\RollerCoaster.Account.API.View.Function.Tests.csproj", "{D05F8B5E-6724-4EB2-810F-D178AC0B6474}"
EndProject
Global
	GlobalSection(SolutionConfigurationPlatforms) = preSolution
		Debug|Any CPU = Debug|Any CPU
		Release|Any CPU = Release|Any CPU
	EndGlobalSection
	GlobalSection(ProjectConfigurationPlatforms) = postSolution
		{00C5C67C-61AA-4BF5-8632-C33B6B97F112}.Debug|Any CPU.ActiveCfg = Debug|Any CPU
		{00C5C67C-61AA-4BF5-8632-C33B6B97F112}.Debug|Any CPU.Build.0 = Debug|Any CPU
		{00C5C67C-61AA-4BF5-8632-C33B6B97F112}.Release|Any CPU.ActiveCfg = Release|Any CPU
		{00C5C67C-61AA-4BF5-8632-C33B6B97F112}.Release|Any CPU.Build.0 = Release|Any CPU
		{47D7A9F2-B91D-42A0-A849-49A8B5985E41}.Debug|Any CPU.ActiveCfg = Debug|Any CPU
		{47D7A9F2-B91D-42A0-A849-49A8B5985E41}.Debug|Any CPU.Build.0 = Debug|Any CPU
		{47D7A9F2-B91D-42A0-A849-49A8B5985E41}.Release|Any CPU.ActiveCfg = Release|Any CPU
		{47D7A9F2-B91D-42A0-A849-49A8B5985E41}.Release|Any CPU.Build.0 = Release|Any CPU
		{DC215AB5-A8CB-4B45-9075-65BF1AC11D7E}.Debug|Any CPU.ActiveCfg = Debug|Any CPU
		{DC215AB5-A8CB-4B45-9075-65BF1AC11D7E}.Debug|Any CPU.Build.0 = Debug|Any CPU
		{DC215AB5-A8CB-4B45-9075-65BF1AC11D7E}.Release|Any CPU.ActiveCfg = Release|Any CPU
		{DC215AB5-A8CB-4B45-9075-65BF1AC11D7E}.Release|Any CPU.Build.0 = Release|Any CPU
		{462EC94D-05EA-4356-A4DA-4AC68184EBF8}.Debug|Any CPU.ActiveCfg = Debug|Any CPU
		{462EC94D-05EA-4356-A4DA-4AC68184EBF8}.Debug|Any CPU.Build.0 = Debug|Any CPU
		{462EC94D-05EA-4356-A4DA-4AC68184EBF8}.Release|Any CPU.ActiveCfg = Release|Any CPU
		{462EC94D-05EA-4356-A4DA-4AC68184EBF8}.Release|Any CPU.Build.0 = Release|Any CPU
		{A61B902C-CBB0-4999-9B8B-D622442CAACC}.Debug|Any CPU.ActiveCfg = Debug|Any CPU
		{A61B902C-CBB0-4999-9B8B-D622442CAACC}.Debug|Any CPU.Build.0 = Debug|Any CPU
		{A61B902C-CBB0-4999-9B8B-D622442CAACC}.Release|Any CPU.ActiveCfg = Release|Any CPU
		{A61B902C-CBB0-4999-9B8B-D622442CAACC}.Release|Any CPU.Build.0 = Release|Any CPU
		{F09089B2-0047-4006-96C0-2C0A0810AA35}.Debug|Any CPU.ActiveCfg = Debug|Any CPU
		{F09089B2-0047-4006-96C0-2C0A0810AA35}.Debug|Any CPU.Build.0 = Debug|Any CPU
		{F09089B2-0047-4006-96C0-2C0A0810AA35}.Release|Any CPU.ActiveCfg = Release|Any CPU
		{F09089B2-0047-4006-96C0-2C0A0810AA35}.Release|Any CPU.Build.0 = Release|Any CPU
		{1D760865-00F4-47E3-8262-DBD68B75F526}.Debug|Any CPU.ActiveCfg = Debug|Any CPU
		{1D760865-00F4-47E3-8262-DBD68B75F526}.Debug|Any CPU.Build.0 = Debug|Any CPU
		{1D760865-00F4-47E3-8262-DBD68B75F526}.Release|Any CPU.ActiveCfg = Release|Any CPU
		{1D760865-00F4-47E3-8262-DBD68B75F526}.Release|Any CPU.Build.0 = Release|Any CPU
		{7822D3CF-3C1B-4C8C-B834-8B42E58BA968}.Debug|Any CPU.ActiveCfg = Debug|Any CPU
		{7822D3CF-3C1B-4C8C-B834-8B42E58BA968}.Debug|Any CPU.Build.0 = Debug|Any CPU
		{7822D3CF-3C1B-4C8C-B834-8B42E58BA968}.Release|Any CPU.ActiveCfg = Release|Any CPU
		{7822D3CF-3C1B-4C8C-B834-8B42E58BA968}.Release|Any CPU.Build.0 = Release|Any CPU
		{31387C82-D7AB-4907-AF99-71EB3CCDDE2A}.Debug|Any CPU.ActiveCfg = Debug|Any CPU
		{31387C82-D7AB-4907-AF99-71EB3CCDDE2A}.Debug|Any CPU.Build.0 = Debug|Any CPU
		{31387C82-D7AB-4907-AF99-71EB3CCDDE2A}.Release|Any CPU.ActiveCfg = Release|Any CPU
		{31387C82-D7AB-4907-AF99-71EB3CCDDE2A}.Release|Any CPU.Build.0 = Release|Any CPU
		{D05F8B5E-6724-4EB2-810F-D178AC0B6474}.Debug|Any CPU.ActiveCfg = Debug|Any CPU
		{D05F8B5E-6724-4EB2-810F-D178AC0B6474}.Debug|Any CPU.Build.0 = Debug|Any CPU
		{D05F8B5E-6724-4EB2-810F-D178AC0B6474}.Release|Any CPU.ActiveCfg = Release|Any CPU
		{D05F8B5E-6724-4EB2-810F-D178AC0B6474}.Release|Any CPU.Build.0 = Release|Any CPU
	EndGlobalSection
	GlobalSection(SolutionProperties) = preSolution
		HideSolutionNode = FALSE
	EndGlobalSection
	GlobalSection(NestedProjects) = preSolution
		{F31D88E1-C721-4AB7-A709-81138B4DD58E} = {1AC950D4-7C20-4926-9874-0CB920AB7EBF}
		{D226863E-D0D9-47FA-9ACF-F06A02873C59} = {1AC950D4-7C20-4926-9874-0CB920AB7EBF}
		{B52CBA24-1F2B-4A84-9172-16BFBE9E5B4A} = {C9ABEEF8-9F29-4269-9B47-1B215505539D}
		{0B73FAB8-CABC-4FBA-8F5E-8F8214D75519} = {1AC950D4-7C20-4926-9874-0CB920AB7EBF}
		{C3F57D5C-8200-44A5-A883-0DEF4B622DA9} = {C9ABEEF8-9F29-4269-9B47-1B215505539D}
		{C9ABEEF8-9F29-4269-9B47-1B215505539D} = {1AC950D4-7C20-4926-9874-0CB920AB7EBF}
		{A89F09B8-A9A3-4D91-8358-BF248B257BB6} = {9E121D77-306A-4616-9C37-CC29F2E5CD57}
		{28E94B58-B596-4ACB-ACE7-41BE9606B274} = {9E121D77-306A-4616-9C37-CC29F2E5CD57}
		{42CE9CF2-5193-4D74-8208-327BFB196F8C} = {9E121D77-306A-4616-9C37-CC29F2E5CD57}
		{F97BA34C-563D-4C29-A4FB-76AAA8437457} = {9E121D77-306A-4616-9C37-CC29F2E5CD57}
		{F39DA65F-50A8-48C2-B25B-9C155C3B8CC9} = {F97BA34C-563D-4C29-A4FB-76AAA8437457}
		{00C5C67C-61AA-4BF5-8632-C33B6B97F112} = {F31D88E1-C721-4AB7-A709-81138B4DD58E}
		{47D7A9F2-B91D-42A0-A849-49A8B5985E41} = {0B73FAB8-CABC-4FBA-8F5E-8F8214D75519}
		{DC215AB5-A8CB-4B45-9075-65BF1AC11D7E} = {D226863E-D0D9-47FA-9ACF-F06A02873C59}
		{462EC94D-05EA-4356-A4DA-4AC68184EBF8} = {A89F09B8-A9A3-4D91-8358-BF248B257BB6}
		{A61B902C-CBB0-4999-9B8B-D622442CAACC} = {28E94B58-B596-4ACB-ACE7-41BE9606B274}
		{F09089B2-0047-4006-96C0-2C0A0810AA35} = {42CE9CF2-5193-4D74-8208-327BFB196F8C}
		{1D760865-00F4-47E3-8262-DBD68B75F526} = {B52CBA24-1F2B-4A84-9172-16BFBE9E5B4A}
		{7822D3CF-3C1B-4C8C-B834-8B42E58BA968} = {C3F57D5C-8200-44A5-A883-0DEF4B622DA9}
		{6192ADDC-0142-4124-AECE-F9A9AFDF135B} = {F97BA34C-563D-4C29-A4FB-76AAA8437457}
		{31387C82-D7AB-4907-AF99-71EB3CCDDE2A} = {6192ADDC-0142-4124-AECE-F9A9AFDF135B}
		{D05F8B5E-6724-4EB2-810F-D178AC0B6474} = {F39DA65F-50A8-48C2-B25B-9C155C3B8CC9}
	EndGlobalSection
	GlobalSection(ExtensibilityGlobals) = postSolution
		SolutionGuid = {1FF6AEBB-1AD2-4004-B001-B3777B7851FC}
	EndGlobalSection
EndGlobal
